// !$*UTF8*$!
{
	archiveVersion = 1;
	classes = {
	};
	objectVersion = 56;
	objects = {

/* Begin PBXBuildFile section */
		WD100005AA100005BB100005 /* Chess4UWidget.swift in Sources */ = {isa = PBXBuildFile; fileRef = WD100001AA100001BB100001 /* Chess4UWidget.swift */; };
		WD100006AA100006BB100006 /* WidgetKit.framework in Frameworks */ = {isa = PBXBuildFile; fileRef = WD100004AA100004BB100004 /* WidgetKit.framework */; };
		WD100008AA100008BB100008 /* Chess4UWidget.appex in Embed Foundation Extensions */ = {isa = PBXBuildFile; fileRef = WD100003AA100003BB100003 /* Chess4UWidget.appex */; settings = {ATTRIBUTES = (RemoveHeadersOnCopy, ); }; };

		17C6CD67D51D2BD3BD4DD4E9 /* Chess4UApp.swift in Sources */ = {isa = PBXBuildFile; fileRef = C5CAE2843B7C8DC97C7F383B /* Chess4UApp.swift */; };
		D78D4EA819E3D6131E92B522 /* AppState.swift in Sources */ = {isa = PBXBuildFile; fileRef = CDF6397FEC957A40C2FFDDF5 /* AppState.swift */; };
		D2B2789752FB27F61498AE24 /* PlayerProfile.swift in Sources */ = {isa = PBXBuildFile; fileRef = 0F1134616E75F06FF345425E /* PlayerProfile.swift */; };
		02D98E0CB861697CF9C1855E /* ChessPiece.swift in Sources */ = {isa = PBXBuildFile; fileRef = 1595C5B8CAABCB8BF431595B /* ChessPiece.swift */; };
		F56A08A7367FFEF306F4721A /* ChessMove.swift in Sources */ = {isa = PBXBuildFile; fileRef = BBFBC2F90DA1BFF98E856EFB /* ChessMove.swift */; };
		F94CE46D836708C01D0EC0B8 /* ChessBoard.swift in Sources */ = {isa = PBXBuildFile; fileRef = C99761AB8E552DB44D046F6F /* ChessBoard.swift */; };
		060C1D489FC3C90D6152149E /* ChessGame.swift in Sources */ = {isa = PBXBuildFile; fileRef = 31132F68A22814BD58470A3B /* ChessGame.swift */; };
		5D441539BE80BE6DFCB87228 /* TrainingSession.swift in Sources */ = {isa = PBXBuildFile; fileRef = 2E0596060B591C19EBD98E68 /* TrainingSession.swift */; };
		06988D1D7BE5E04CCA4606A4 /* ChessPuzzle.swift in Sources */ = {isa = PBXBuildFile; fileRef = 79C65AFC7F46C7DB91FBDEEF /* ChessPuzzle.swift */; };
		B2D41A6B9CBF17C1FEEAD6F3 /* Opening.swift in Sources */ = {isa = PBXBuildFile; fileRef = 7796F4E21598AFAF73DF5D97 /* Opening.swift */; };
		4708E93882CFC0CA5229D421 /* Achievement.swift in Sources */ = {isa = PBXBuildFile; fileRef = 18A859DB076E2CBAE40C7086 /* Achievement.swift */; };
		64DD7AD0903C55C3464A23BC /* ChessBoardViewModel.swift in Sources */ = {isa = PBXBuildFile; fileRef = EDAE1C9247A81BAB6A1EEC16 /* ChessBoardViewModel.swift */; };
		2FF4BF62A6A5DF77978E6197 /* TrainingViewModel.swift in Sources */ = {isa = PBXBuildFile; fileRef = 593F2A98C5FF426A58046B7A /* TrainingViewModel.swift */; };
		4695DBF11D3DC0A0FE1DE66A /* DashboardViewModel.swift in Sources */ = {isa = PBXBuildFile; fileRef = 55FFCD1CC80106CAF948C204 /* DashboardViewModel.swift */; };
		A3A861C8D84DF81C196089DD /* GameAnalysisViewModel.swift in Sources */ = {isa = PBXBuildFile; fileRef = 0B3A7318D3D6F4D2DB59F417 /* GameAnalysisViewModel.swift */; };
		BF4F93DE09253E18B8AF6143 /* MainTabView.swift in Sources */ = {isa = PBXBuildFile; fileRef = DDDCA7C71B2FC32C3D2E33D2 /* MainTabView.swift */; };
		7AE902B3D95518F37DDFD9A7 /* OnboardingView.swift in Sources */ = {isa = PBXBuildFile; fileRef = 6A7792EA3C6A441E319B8AE3 /* OnboardingView.swift */; };
		77583D49194F72B37C1381BE /* PlayerAssessmentView.swift in Sources */ = {isa = PBXBuildFile; fileRef = FC4D3B2B1B263A53718BD69C /* PlayerAssessmentView.swift */; };
		CA8F4365A60097501F31BB61 /* ConnectPlatformView.swift in Sources */ = {isa = PBXBuildFile; fileRef = B74D8A6889F6C8EDEA4C4F64 /* ConnectPlatformView.swift */; };
		ACD0765BF25228DCAC80C746 /* DashboardView.swift in Sources */ = {isa = PBXBuildFile; fileRef = 003E83886E57C5B1F91A8EFD /* DashboardView.swift */; };
		208BC0A773B66F602C716655 /* SkillRadarView.swift in Sources */ = {isa = PBXBuildFile; fileRef = 63A7CBD6C62A86AEA2CA0DED /* SkillRadarView.swift */; };
		AC9150431EFCCCED9CACB5A7 /* WeeklyPlanView.swift in Sources */ = {isa = PBXBuildFile; fileRef = B0EAD4EF0CF4C5329FB88B46 /* WeeklyPlanView.swift */; };
		A34EEC0E3CF933A0029A66AD /* ChessBoardView.swift in Sources */ = {isa = PBXBuildFile; fileRef = 9528174076CECA577F001D83 /* ChessBoardView.swift */; };
		D982F4BF987D9F99EA1DDAAD /* TrainingHubView.swift in Sources */ = {isa = PBXBuildFile; fileRef = C33B06D28A6C8454F983DF50 /* TrainingHubView.swift */; };
		D260BAFAA0B21512D5C22EC8 /* TrainingSessionView.swift in Sources */ = {isa = PBXBuildFile; fileRef = 3CA78F6F556D0746F2AEDA7E /* TrainingSessionView.swift */; };
		D2B4788797A28D38F4D54228 /* VariationPracticeView.swift in Sources */ = {isa = PBXBuildFile; fileRef = 90DE45EB34BB5941185A9A2A /* VariationPracticeView.swift */; };
		3F25183449D52EDDA1942746 /* FreePlayView.swift in Sources */ = {isa = PBXBuildFile; fileRef = 2F085055D28F6269FE0DC565 /* FreePlayView.swift */; };
		1F992EA2936B3D350F541E16 /* OpeningTrainingView.swift in Sources */ = {isa = PBXBuildFile; fileRef = EB05A9E34FA40DA308FB083C /* OpeningTrainingView.swift */; };
		A1B2C3D4E5F60718293A4B5C /* EndgameTrainingView.swift in Sources */ = {isa = PBXBuildFile; fileRef = F1E2D3C4B5A6978869504132 /* EndgameTrainingView.swift */; };
		A1B2C3D4E5F60001AAAA1004 /* DailyPuzzleView.swift */ = {isa = PBXFileReference; lastKnownFileType = sourcecode.swift; path = DailyPuzzleView.swift; sourceTree = "<group>"; };
		5F91746F4F654991BB200034 /* ImportGamesView.swift */ = {isa = PBXFileReference; lastKnownFileType = sourcecode.swift; path = ImportGamesView.swift; sourceTree = "<group>"; };
		CE2FF2728FBA54D9B5AEF251 /* GameAnalysisView.swift in Sources */ = {isa = PBXBuildFile; fileRef = 8E24D4596C6970D4E41255C1 /* GameAnalysisView.swift */; };
		E563C62C5CC685AC0E44E1A0 /* LessonLibraryView.swift in Sources */ = {isa = PBXBuildFile; fileRef = 45D0C8FA2A88EC3BB8B137F7 /* LessonLibraryView.swift */; };
		3532CF6BF9F06E2CE022FBCC /* LessonDetailView.swift in Sources */ = {isa = PBXBuildFile; fileRef = 120A7991A12F6C78634F1A29 /* LessonDetailView.swift */; };
		690E31D144B341F864AA2148 /* ProfileView.swift in Sources */ = {isa = PBXBuildFile; fileRef = 08D79B774BF5275DAD780EB9 /* ProfileView.swift */; };
		054F7DA6A2493B8B155C8C95 /* AchievementsView.swift in Sources */ = {isa = PBXBuildFile; fileRef = 3BEF3F49234D6E024AB4C390 /* AchievementsView.swift */; };
		2AF4C1199109185F6D471547 /* SettingsView.swift in Sources */ = {isa = PBXBuildFile; fileRef = 66FC1475E44B8CD0A8093222 /* SettingsView.swift */; };
		4AEBC3F22E71F56EDDEEE9CB /* ChessEngineService.swift in Sources */ = {isa = PBXBuildFile; fileRef = D41043741DB003D36751F9C9 /* ChessEngineService.swift */; };
		A1B2C3D4E5F60001AAAA1001 /* HapticService.swift */ = {isa = PBXFileReference; lastKnownFileType = sourcecode.swift; path = HapticService.swift; sourceTree = "<group>"; };
		A1B2C3D4E5F60001AAAA1002 /* SoundService.swift */ = {isa = PBXFileReference; lastKnownFileType = sourcecode.swift; path = SoundService.swift; sourceTree = "<group>"; };
		A1B2C3D4E5F60001AAAA1003 /* DailyPuzzleService.swift */ = {isa = PBXFileReference; lastKnownFileType = sourcecode.swift; path = DailyPuzzleService.swift; sourceTree = "<group>"; };
		A1B2C3D4E5F60001AAAA1005 /* ChessClockService.swift */ = {isa = PBXFileReference; lastKnownFileType = sourcecode.swift; path = ChessClockService.swift; sourceTree = "<group>"; };
		23A67C5269B8413D99AC63E0 /* ExternalPlatformService.swift */ = {isa = PBXFileReference; lastKnownFileType = sourcecode.swift; path = ExternalPlatformService.swift; sourceTree = "<group>"; };
		900482E25CE3EE42E6619F67 /* PersonalPuzzleService.swift */ = {isa = PBXFileReference; lastKnownFileType = sourcecode.swift; path = PersonalPuzzleService.swift; sourceTree = "<group>"; };
		D3DE6F4FF379936A2B451AFA /* GameSyncService.swift */ = {isa = PBXFileReference; lastKnownFileType = sourcecode.swift; path = GameSyncService.swift; sourceTree = "<group>"; };
		1C3ED55F1FA2416193434596 /* StockfishCloudService.swift */ = {isa = PBXFileReference; lastKnownFileType = sourcecode.swift; path = StockfishCloudService.swift; sourceTree = "<group>"; };
		A5CC99C7CABCC73C31531C0A /* MyPuzzlesView.swift */ = {isa = PBXFileReference; lastKnownFileType = sourcecode.swift; path = MyPuzzlesView.swift; sourceTree = "<group>"; };
		A1B2C3D4E5F60001BBBB1001 /* HapticService.swift in Sources */ = {isa = PBXBuildFile; fileRef = A1B2C3D4E5F60001AAAA1001 /* HapticService.swift */; };
		A1B2C3D4E5F60001BBBB1002 /* SoundService.swift in Sources */ = {isa = PBXBuildFile; fileRef = A1B2C3D4E5F60001AAAA1002 /* SoundService.swift */; };
		A1B2C3D4E5F60001BBBB1003 /* DailyPuzzleService.swift in Sources */ = {isa = PBXBuildFile; fileRef = A1B2C3D4E5F60001AAAA1003 /* DailyPuzzleService.swift */; };
		A1B2C3D4E5F60001BBBB1005 /* ChessClockService.swift in Sources */ = {isa = PBXBuildFile; fileRef = A1B2C3D4E5F60001AAAA1005 /* ChessClockService.swift */; };
		DD8690D2D36E40E7A963FAF9 /* ExternalPlatformService.swift in Sources */ = {isa = PBXBuildFile; fileRef = 23A67C5269B8413D99AC63E0 /* ExternalPlatformService.swift */; };
		9E48D5F1EB968F6352767000 /* PersonalPuzzleService.swift in Sources */ = {isa = PBXBuildFile; fileRef = 900482E25CE3EE42E6619F67 /* PersonalPuzzleService.swift */; };
		26C1DC1A0C3DCF88A2A05694 /* GameSyncService.swift in Sources */ = {isa = PBXBuildFile; fileRef = D3DE6F4FF379936A2B451AFA /* GameSyncService.swift */; };
		3DF97FD4DDAC4DEEAB795FF9 /* StockfishCloudService.swift in Sources */ = {isa = PBXBuildFile; fileRef = 1C3ED55F1FA2416193434596 /* StockfishCloudService.swift */; };
		3D387B8B2A5ADC01A72167F9 /* MyPuzzlesView.swift in Sources */ = {isa = PBXBuildFile; fileRef = A5CC99C7CABCC73C31531C0A /* MyPuzzlesView.swift */; };
		A1B2C3D4E5F60001BBBB1004 /* DailyPuzzleView.swift in Sources */ = {isa = PBXBuildFile; fileRef = A1B2C3D4E5F60001AAAA1004 /* DailyPuzzleView.swift */; };
		55ED4B38652B4789919B43C1 /* ImportGamesView.swift in Sources */ = {isa = PBXBuildFile; fileRef = 5F91746F4F654991BB200034 /* ImportGamesView.swift */; };
		3ABC3DDEDF51B33892EF57E7 /* AICoachService.swift in Sources */ = {isa = PBXBuildFile; fileRef = 98EBD619A99A0601962A14BE /* AICoachService.swift */; };
		51540DC5DAAB007271584037 /* AudioCoachService.swift in Sources */ = {isa = PBXBuildFile; fileRef = BD54EA245A235788335C38CA /* AudioCoachService.swift */; };
		43B13FD416BFDB7E4AC20C95 /* AdaptiveDifficultyService.swift in Sources */ = {isa = PBXBuildFile; fileRef = EDC734906830EC07A669C490 /* AdaptiveDifficultyService.swift */; };
		8433DE1E388842246734F370 /* PersistenceService.swift in Sources */ = {isa = PBXBuildFile; fileRef = 963C5179889116BD67E9842B /* PersistenceService.swift */; };
		FE5E07BFDD606EB123401040 /* TreeOfThoughtEngine.swift in Sources */ = {isa = PBXBuildFile; fileRef = BD452A37794BBC7BBA0982BD /* TreeOfThoughtEngine.swift */; };
		DE895BCD753C78331CDBA655 /* Color+Extensions.swift in Sources */ = {isa = PBXBuildFile; fileRef = FD218140921B4F954A5AEFF5 /* Color+Extensions.swift */; };
		D11147C60300BB03D1216AA4 /* View+Extensions.swift in Sources */ = {isa = PBXBuildFile; fileRef = 2C71217A53E3EAE13573AE00 /* View+Extensions.swift */; };
		D2D8D95CA703EDF7210D0048 /* Assets.xcassets in Resources */ = {isa = PBXBuildFile; fileRef = 39DF35C5B235782381DC07AE /* Assets.xcassets */; };
		D603C64E7AC5AAC89FC6BCC6 /* AVFoundation.framework in Frameworks */ = {isa = PBXBuildFile; fileRef = 44C3DDD32D4D067164048E8E /* AVFoundation.framework */; };
		AA000012BB000012CC000012 /* XCTest.framework in Frameworks */ = {isa = PBXBuildFile; fileRef = AA000011BB000011CC000011 /* XCTest.framework */; };
		AA000022BB000022CC000022 /* ChessBoardTests.swift in Sources */ = {isa = PBXBuildFile; fileRef = AA000021BB000021CC000021 /* ChessBoardTests.swift */; };
		AA000024BB000024CC000024 /* ChessEngineTests.swift in Sources */ = {isa = PBXBuildFile; fileRef = AA000023BB000023CC000023 /* ChessEngineTests.swift */; };
		AA000026BB000026CC000026 /* ChessPuzzleTests.swift in Sources */ = {isa = PBXBuildFile; fileRef = AA000025BB000025CC000025 /* ChessPuzzleTests.swift */; };
		AA000028BB000028CC000028 /* PlayerBandTests.swift in Sources */ = {isa = PBXBuildFile; fileRef = AA000027BB000027CC000027 /* PlayerBandTests.swift */; };
		AA000030BB000030CC000030 /* SquareTests.swift in Sources */ = {isa = PBXBuildFile; fileRef = AA000029BB000029CC000029 /* SquareTests.swift */; };
		BB100004CC100004DD100004 /* XCTest.framework in Frameworks */ = {isa = PBXBuildFile; fileRef = AA000011BB000011CC000011 /* XCTest.framework */; };
		BB100005CC100005DD100005 /* Chess4UUITests.swift in Sources */ = {isa = PBXBuildFile; fileRef = BB100002CC100002DD100002 /* Chess4UUITests.swift */; };
		BB100006CC100006DD100006 /* SnapshotHelper.swift in Sources */ = {isa = PBXBuildFile; fileRef = BB100003CC100003DD100003 /* SnapshotHelper.swift */; };
/* End PBXBuildFile section */

/* Begin PBXFileReference section */
		WD100001AA100001BB100001 /* Chess4UWidget.swift */ = {isa = PBXFileReference; lastKnownFileType = sourcecode.swift; path = Chess4UWidget.swift; sourceTree = "<group>"; };
		WD100002AA100002BB100002 /* Info.plist */ = {isa = PBXFileReference; lastKnownFileType = text.plist.xml; path = Info.plist; sourceTree = "<group>"; };
		WD100003AA100003BB100003 /* Chess4UWidget.appex */ = {isa = PBXFileReference; explicitFileType = "wrapper.app-extension"; includeInIndex = 0; path = Chess4UWidget.appex; sourceTree = BUILT_PRODUCTS_DIR; };
		WD100004AA100004BB100004 /* WidgetKit.framework */ = {isa = PBXFileReference; lastKnownFileType = wrapper.framework; name = WidgetKit.framework; path = System/Library/Frameworks/WidgetKit.framework; sourceTree = SDKROOT; };

		C5CAE2843B7C8DC97C7F383B /* Chess4UApp.swift */ = {isa = PBXFileReference; lastKnownFileType = sourcecode.swift; path = Chess4UApp.swift; sourceTree = "<group>"; };
		CDF6397FEC957A40C2FFDDF5 /* AppState.swift */ = {isa = PBXFileReference; lastKnownFileType = sourcecode.swift; path = AppState.swift; sourceTree = "<group>"; };
		0F1134616E75F06FF345425E /* PlayerProfile.swift */ = {isa = PBXFileReference; lastKnownFileType = sourcecode.swift; path = PlayerProfile.swift; sourceTree = "<group>"; };
		1595C5B8CAABCB8BF431595B /* ChessPiece.swift */ = {isa = PBXFileReference; lastKnownFileType = sourcecode.swift; path = ChessPiece.swift; sourceTree = "<group>"; };
		BBFBC2F90DA1BFF98E856EFB /* ChessMove.swift */ = {isa = PBXFileReference; lastKnownFileType = sourcecode.swift; path = ChessMove.swift; sourceTree = "<group>"; };
		C99761AB8E552DB44D046F6F /* ChessBoard.swift */ = {isa = PBXFileReference; lastKnownFileType = sourcecode.swift; path = ChessBoard.swift; sourceTree = "<group>"; };
		31132F68A22814BD58470A3B /* ChessGame.swift */ = {isa = PBXFileReference; lastKnownFileType = sourcecode.swift; path = ChessGame.swift; sourceTree = "<group>"; };
		2E0596060B591C19EBD98E68 /* TrainingSession.swift */ = {isa = PBXFileReference; lastKnownFileType = sourcecode.swift; path = TrainingSession.swift; sourceTree = "<group>"; };
		79C65AFC7F46C7DB91FBDEEF /* ChessPuzzle.swift */ = {isa = PBXFileReference; lastKnownFileType = sourcecode.swift; path = ChessPuzzle.swift; sourceTree = "<group>"; };
		7796F4E21598AFAF73DF5D97 /* Opening.swift */ = {isa = PBXFileReference; lastKnownFileType = sourcecode.swift; path = Opening.swift; sourceTree = "<group>"; };
		18A859DB076E2CBAE40C7086 /* Achievement.swift */ = {isa = PBXFileReference; lastKnownFileType = sourcecode.swift; path = Achievement.swift; sourceTree = "<group>"; };
		EDAE1C9247A81BAB6A1EEC16 /* ChessBoardViewModel.swift */ = {isa = PBXFileReference; lastKnownFileType = sourcecode.swift; path = ChessBoardViewModel.swift; sourceTree = "<group>"; };
		593F2A98C5FF426A58046B7A /* TrainingViewModel.swift */ = {isa = PBXFileReference; lastKnownFileType = sourcecode.swift; path = TrainingViewModel.swift; sourceTree = "<group>"; };
		55FFCD1CC80106CAF948C204 /* DashboardViewModel.swift */ = {isa = PBXFileReference; lastKnownFileType = sourcecode.swift; path = DashboardViewModel.swift; sourceTree = "<group>"; };
		0B3A7318D3D6F4D2DB59F417 /* GameAnalysisViewModel.swift */ = {isa = PBXFileReference; lastKnownFileType = sourcecode.swift; path = GameAnalysisViewModel.swift; sourceTree = "<group>"; };
		DDDCA7C71B2FC32C3D2E33D2 /* MainTabView.swift */ = {isa = PBXFileReference; lastKnownFileType = sourcecode.swift; path = MainTabView.swift; sourceTree = "<group>"; };
		6A7792EA3C6A441E319B8AE3 /* OnboardingView.swift */ = {isa = PBXFileReference; lastKnownFileType = sourcecode.swift; path = OnboardingView.swift; sourceTree = "<group>"; };
		FC4D3B2B1B263A53718BD69C /* PlayerAssessmentView.swift */ = {isa = PBXFileReference; lastKnownFileType = sourcecode.swift; path = PlayerAssessmentView.swift; sourceTree = "<group>"; };
		B74D8A6889F6C8EDEA4C4F64 /* ConnectPlatformView.swift */ = {isa = PBXFileReference; lastKnownFileType = sourcecode.swift; path = ConnectPlatformView.swift; sourceTree = "<group>"; };
		003E83886E57C5B1F91A8EFD /* DashboardView.swift */ = {isa = PBXFileReference; lastKnownFileType = sourcecode.swift; path = DashboardView.swift; sourceTree = "<group>"; };
		63A7CBD6C62A86AEA2CA0DED /* SkillRadarView.swift */ = {isa = PBXFileReference; lastKnownFileType = sourcecode.swift; path = SkillRadarView.swift; sourceTree = "<group>"; };
		B0EAD4EF0CF4C5329FB88B46 /* WeeklyPlanView.swift */ = {isa = PBXFileReference; lastKnownFileType = sourcecode.swift; path = WeeklyPlanView.swift; sourceTree = "<group>"; };
		9528174076CECA577F001D83 /* ChessBoardView.swift */ = {isa = PBXFileReference; lastKnownFileType = sourcecode.swift; path = ChessBoardView.swift; sourceTree = "<group>"; };
		C33B06D28A6C8454F983DF50 /* TrainingHubView.swift */ = {isa = PBXFileReference; lastKnownFileType = sourcecode.swift; path = TrainingHubView.swift; sourceTree = "<group>"; };
		3CA78F6F556D0746F2AEDA7E /* TrainingSessionView.swift */ = {isa = PBXFileReference; lastKnownFileType = sourcecode.swift; path = TrainingSessionView.swift; sourceTree = "<group>"; };
		90DE45EB34BB5941185A9A2A /* VariationPracticeView.swift */ = {isa = PBXFileReference; lastKnownFileType = sourcecode.swift; path = VariationPracticeView.swift; sourceTree = "<group>"; };
		2F085055D28F6269FE0DC565 /* FreePlayView.swift */ = {isa = PBXFileReference; lastKnownFileType = sourcecode.swift; path = FreePlayView.swift; sourceTree = "<group>"; };
		EB05A9E34FA40DA308FB083C /* OpeningTrainingView.swift */ = {isa = PBXFileReference; lastKnownFileType = sourcecode.swift; path = OpeningTrainingView.swift; sourceTree = "<group>"; };
		F1E2D3C4B5A6978869504132 /* EndgameTrainingView.swift */ = {isa = PBXFileReference; lastKnownFileType = sourcecode.swift; path = EndgameTrainingView.swift; sourceTree = "<group>"; };
		8E24D4596C6970D4E41255C1 /* GameAnalysisView.swift */ = {isa = PBXFileReference; lastKnownFileType = sourcecode.swift; path = GameAnalysisView.swift; sourceTree = "<group>"; };
		45D0C8FA2A88EC3BB8B137F7 /* LessonLibraryView.swift */ = {isa = PBXFileReference; lastKnownFileType = sourcecode.swift; path = LessonLibraryView.swift; sourceTree = "<group>"; };
		120A7991A12F6C78634F1A29 /* LessonDetailView.swift */ = {isa = PBXFileReference; lastKnownFileType = sourcecode.swift; path = LessonDetailView.swift; sourceTree = "<group>"; };
		08D79B774BF5275DAD780EB9 /* ProfileView.swift */ = {isa = PBXFileReference; lastKnownFileType = sourcecode.swift; path = ProfileView.swift; sourceTree = "<group>"; };
		3BEF3F49234D6E024AB4C390 /* AchievementsView.swift */ = {isa = PBXFileReference; lastKnownFileType = sourcecode.swift; path = AchievementsView.swift; sourceTree = "<group>"; };
		66FC1475E44B8CD0A8093222 /* SettingsView.swift */ = {isa = PBXFileReference; lastKnownFileType = sourcecode.swift; path = SettingsView.swift; sourceTree = "<group>"; };
		D41043741DB003D36751F9C9 /* ChessEngineService.swift */ = {isa = PBXFileReference; lastKnownFileType = sourcecode.swift; path = ChessEngineService.swift; sourceTree = "<group>"; };
		98EBD619A99A0601962A14BE /* AICoachService.swift */ = {isa = PBXFileReference; lastKnownFileType = sourcecode.swift; path = AICoachService.swift; sourceTree = "<group>"; };
		BD54EA245A235788335C38CA /* AudioCoachService.swift */ = {isa = PBXFileReference; lastKnownFileType = sourcecode.swift; path = AudioCoachService.swift; sourceTree = "<group>"; };
		EDC734906830EC07A669C490 /* AdaptiveDifficultyService.swift */ = {isa = PBXFileReference; lastKnownFileType = sourcecode.swift; path = AdaptiveDifficultyService.swift; sourceTree = "<group>"; };
		963C5179889116BD67E9842B /* PersistenceService.swift */ = {isa = PBXFileReference; lastKnownFileType = sourcecode.swift; path = PersistenceService.swift; sourceTree = "<group>"; };
		BD452A37794BBC7BBA0982BD /* TreeOfThoughtEngine.swift */ = {isa = PBXFileReference; lastKnownFileType = sourcecode.swift; path = TreeOfThoughtEngine.swift; sourceTree = "<group>"; };
		FD218140921B4F954A5AEFF5 /* Color+Extensions.swift */ = {isa = PBXFileReference; lastKnownFileType = sourcecode.swift; path = "Color+Extensions.swift"; sourceTree = "<group>"; };
		2C71217A53E3EAE13573AE00 /* View+Extensions.swift */ = {isa = PBXFileReference; lastKnownFileType = sourcecode.swift; path = "View+Extensions.swift"; sourceTree = "<group>"; };
		5E4978EFF3D1173E79C6DB22 /* Info.plist */ = {isa = PBXFileReference; lastKnownFileType = text.plist.xml; path = Info.plist; sourceTree = "<group>"; };
		39DF35C5B235782381DC07AE /* Assets.xcassets */ = {isa = PBXFileReference; lastKnownFileType = folder.assetcatalog; path = Assets.xcassets; sourceTree = "<group>"; };
		44C3DDD32D4D067164048E8E /* AVFoundation.framework */ = {isa = PBXFileReference; lastKnownFileType = wrapper.framework; name = AVFoundation.framework; path = System/Library/Frameworks/AVFoundation.framework; sourceTree = SDKROOT; };
		625ACE7FA04888266A8808AD /* Chess4U.app */ = {isa = PBXFileReference; explicitFileType = wrapper.application; includeInIndex = 0; path = Chess4U.app; sourceTree = BUILT_PRODUCTS_DIR; };
		AA000004BB000004CC000004 /* Chess4UTests.xctest */ = {isa = PBXFileReference; explicitFileType = wrapper.cfbundle; includeInIndex = 0; path = Chess4UTests.xctest; sourceTree = BUILT_PRODUCTS_DIR; };
		AA000011BB000011CC000011 /* XCTest.framework */ = {isa = PBXFileReference; lastKnownFileType = wrapper.framework; name = XCTest.framework; path = Library/Frameworks/XCTest.framework; sourceTree = DEVELOPER_DIR; };
		AA000021BB000021CC000021 /* ChessBoardTests.swift */ = {isa = PBXFileReference; lastKnownFileType = sourcecode.swift; path = ChessBoardTests.swift; sourceTree = "<group>"; };
		AA000023BB000023CC000023 /* ChessEngineTests.swift */ = {isa = PBXFileReference; lastKnownFileType = sourcecode.swift; path = ChessEngineTests.swift; sourceTree = "<group>"; };
		AA000025BB000025CC000025 /* ChessPuzzleTests.swift */ = {isa = PBXFileReference; lastKnownFileType = sourcecode.swift; path = ChessPuzzleTests.swift; sourceTree = "<group>"; };
		AA000027BB000027CC000027 /* PlayerBandTests.swift */ = {isa = PBXFileReference; lastKnownFileType = sourcecode.swift; path = PlayerBandTests.swift; sourceTree = "<group>"; };
		AA000029BB000029CC000029 /* SquareTests.swift */ = {isa = PBXFileReference; lastKnownFileType = sourcecode.swift; path = SquareTests.swift; sourceTree = "<group>"; };
		BB100001CC100001DD100001 /* Chess4UUITests.xctest */ = {isa = PBXFileReference; explicitFileType = wrapper.cfbundle; includeInIndex = 0; path = Chess4UUITests.xctest; sourceTree = BUILT_PRODUCTS_DIR; };
		BB100002CC100002DD100002 /* Chess4UUITests.swift */ = {isa = PBXFileReference; lastKnownFileType = sourcecode.swift; path = Chess4UUITests.swift; sourceTree = "<group>"; };
		BB100003CC100003DD100003 /* SnapshotHelper.swift */ = {isa = PBXFileReference; lastKnownFileType = sourcecode.swift; path = SnapshotHelper.swift; sourceTree = "<group>"; };
/* End PBXFileReference section */

/* Begin PBXContainerItemProxy section */
		AA000006BB000006CC000006 /* PBXContainerItemProxy */ = {
			isa = PBXContainerItemProxy;
			containerPortal = 46F86FAA6BBF9AC94A7E4595 /* Project object */;
			proxyType = 1;
			remoteGlobalIDString = 42AEFBAE01D2DFD981F7DA7D;
			remoteInfo = Chess4U;
		};
		BB100011CC100011DD100011 /* PBXContainerItemProxy */ = {
			isa = PBXContainerItemProxy;
			containerPortal = 46F86FAA6BBF9AC94A7E4595 /* Project object */;
			proxyType = 1;
			remoteGlobalIDString = 42AEFBAE01D2DFD981F7DA7D;
			remoteInfo = Chess4U;
		};
/* End PBXContainerItemProxy section */

/* Begin PBXFrameworksBuildPhase section */
		WD100011AA100011BB100011 /* Frameworks */ = {
			isa = PBXFrameworksBuildPhase;
			buildActionMask = 2147483647;
			files = (
				WD100006AA100006BB100006 /* WidgetKit.framework in Frameworks */,
			);
			runOnlyForDeploymentPostprocessing = 0;
		};

		6DB04654966809A36F783873 /* Frameworks */ = {
			isa = PBXFrameworksBuildPhase;
			buildActionMask = 2147483647;
			files = (
				D603C64E7AC5AAC89FC6BCC6 /* AVFoundation.framework in Frameworks */,
			);
			runOnlyForDeploymentPostprocessing = 0;
		};
		AA000003BB000003CC000003 /* Frameworks */ = {
			isa = PBXFrameworksBuildPhase;
			buildActionMask = 2147483647;
			files = (
				AA000012BB000012CC000012 /* XCTest.framework in Frameworks */,
			);
			runOnlyForDeploymentPostprocessing = 0;
		};
		BB100008CC100008DD100008 /* Frameworks */ = {
			isa = PBXFrameworksBuildPhase;
			buildActionMask = 2147483647;
			files = (
				BB100004CC100004DD100004 /* XCTest.framework in Frameworks */,
			);
			runOnlyForDeploymentPostprocessing = 0;
		};
/* End PBXFrameworksBuildPhase section */

/* Begin PBXGroup section */
		WD100009AA100009BB100009 /* Chess4UWidget */ = {
			isa = PBXGroup;
			children = (
				WD100001AA100001BB100001 /* Chess4UWidget.swift */,
				WD100002AA100002BB100002 /* Info.plist */,
			);
			path = Chess4UWidget;
			sourceTree = "<group>";
		};

		71D2E56247FE75C3DCE9B609 /* / */ = {
			isa = PBXGroup;
			children = (
				B11BA34D63C71E3E5D1803C0 /* Chess4U */,
				WD100009AA100009BB100009 /* Chess4UWidget */,
				AA000005BB000005CC000005 /* Chess4UTests */,
				BB100009CC100009DD100009 /* Chess4UUITests */,
				10DF28A84E55A2F741349FDF /* Products */,
				44C3DDD32D4D067164048E8E /* AVFoundation.framework */,
			);
			sourceTree = "<group>";
		};
		10DF28A84E55A2F741349FDF /* Products */ = {
			isa = PBXGroup;
			children = (
				625ACE7FA04888266A8808AD /* Chess4U.app */,
				WD100003AA100003BB100003 /* Chess4UWidget.appex */,
				AA000004BB000004CC000004 /* Chess4UTests.xctest */,
				BB100001CC100001DD100001 /* Chess4UUITests.xctest */,
			);
			name = Products;
			sourceTree = "<group>";
		};
		AA000005BB000005CC000005 /* Chess4UTests */ = {
			isa = PBXGroup;
			children = (
				AA000021BB000021CC000021 /* ChessBoardTests.swift */,
				AA000023BB000023CC000023 /* ChessEngineTests.swift */,
				AA000025BB000025CC000025 /* ChessPuzzleTests.swift */,
				AA000027BB000027CC000027 /* PlayerBandTests.swift */,
				AA000029BB000029CC000029 /* SquareTests.swift */,
			);
			path = Chess4UTests;
			sourceTree = "<group>";
		};
		B11BA34D63C71E3E5D1803C0 /* Chess4U */ = {
			isa = PBXGroup;
			children = (
				AB8D408CB1881C666AAC0831 /* App */,
				C9E04F99D8E7C9D4D391AEF8 /* Models */,
				EE1E649591DBDF61DE2E4396 /* ViewModels */,
				9F58BDF7D4F04F6C4DC3CB6C /* Views */,
				9C035E7454E6255EF4EA445C /* Services */,
				E3E71D44D595CBE2C92C5B2E /* Extensions */,
				AE59D88C5460D2413CB142C1 /* Resources */,
			);
			path = Chess4U;
			sourceTree = "<group>";
		};
		AB8D408CB1881C666AAC0831 /* App */ = {
			isa = PBXGroup;
			children = (
				C5CAE2843B7C8DC97C7F383B /* Chess4UApp.swift */,
				CDF6397FEC957A40C2FFDDF5 /* AppState.swift */,
			);
			path = App;
			sourceTree = "<group>";
		};
		C9E04F99D8E7C9D4D391AEF8 /* Models */ = {
			isa = PBXGroup;
			children = (
				0F1134616E75F06FF345425E /* PlayerProfile.swift */,
				1595C5B8CAABCB8BF431595B /* ChessPiece.swift */,
				BBFBC2F90DA1BFF98E856EFB /* ChessMove.swift */,
				C99761AB8E552DB44D046F6F /* ChessBoard.swift */,
				31132F68A22814BD58470A3B /* ChessGame.swift */,
				2E0596060B591C19EBD98E68 /* TrainingSession.swift */,
				79C65AFC7F46C7DB91FBDEEF /* ChessPuzzle.swift */,
				7796F4E21598AFAF73DF5D97 /* Opening.swift */,
				18A859DB076E2CBAE40C7086 /* Achievement.swift */,
			);
			path = Models;
			sourceTree = "<group>";
		};
		EE1E649591DBDF61DE2E4396 /* ViewModels */ = {
			isa = PBXGroup;
			children = (
				EDAE1C9247A81BAB6A1EEC16 /* ChessBoardViewModel.swift */,
				593F2A98C5FF426A58046B7A /* TrainingViewModel.swift */,
				55FFCD1CC80106CAF948C204 /* DashboardViewModel.swift */,
				0B3A7318D3D6F4D2DB59F417 /* GameAnalysisViewModel.swift */,
			);
			path = ViewModels;
			sourceTree = "<group>";
		};
		9F58BDF7D4F04F6C4DC3CB6C /* Views */ = {
			isa = PBXGroup;
			children = (
				DDDCA7C71B2FC32C3D2E33D2 /* MainTabView.swift */,
				BAD11E1691D1FFB8FF8BF918 /* Onboarding */,
				7D10DE6616F4349475E0D099 /* Dashboard */,
				67B48ED96014BCF358AE3F88 /* Board */,
				09BB944F5C96981EB254D410 /* Training */,
				486DB70C2C6BE9EE5E91D35A /* Analysis */,
				212C321B6BFA997C244C4406 /* Lessons */,
				E7517660F4CC97C1329613A2 /* Profile */,
				73DA933AC0B9799DE29FB4A6 /* Settings */,
			);
			path = Views;
			sourceTree = "<group>";
		};
		BAD11E1691D1FFB8FF8BF918 /* Onboarding */ = {
			isa = PBXGroup;
			children = (
				6A7792EA3C6A441E319B8AE3 /* OnboardingView.swift */,
				FC4D3B2B1B263A53718BD69C /* PlayerAssessmentView.swift */,
				B74D8A6889F6C8EDEA4C4F64 /* ConnectPlatformView.swift */,
			);
			path = Onboarding;
			sourceTree = "<group>";
		};
		7D10DE6616F4349475E0D099 /* Dashboard */ = {
			isa = PBXGroup;
			children = (
				003E83886E57C5B1F91A8EFD /* DashboardView.swift */,
				63A7CBD6C62A86AEA2CA0DED /* SkillRadarView.swift */,
				B0EAD4EF0CF4C5329FB88B46 /* WeeklyPlanView.swift */,
			);
			path = Dashboard;
			sourceTree = "<group>";
		};
		67B48ED96014BCF358AE3F88 /* Board */ = {
			isa = PBXGroup;
			children = (
				9528174076CECA577F001D83 /* ChessBoardView.swift */,
			);
			path = Board;
			sourceTree = "<group>";
		};
		09BB944F5C96981EB254D410 /* Training */ = {
			isa = PBXGroup;
			children = (
				C33B06D28A6C8454F983DF50 /* TrainingHubView.swift */,
				3CA78F6F556D0746F2AEDA7E /* TrainingSessionView.swift */,
				90DE45EB34BB5941185A9A2A /* VariationPracticeView.swift */,
				2F085055D28F6269FE0DC565 /* FreePlayView.swift */,
				EB05A9E34FA40DA308FB083C /* OpeningTrainingView.swift */,
				F1E2D3C4B5A6978869504132 /* EndgameTrainingView.swift */,
				A1B2C3D4E5F60001AAAA1004 /* DailyPuzzleView.swift */,
				A5CC99C7CABCC73C31531C0A /* MyPuzzlesView.swift */,
			);
			path = Training;
			sourceTree = "<group>";
		};
		486DB70C2C6BE9EE5E91D35A /* Analysis */ = {
			isa = PBXGroup;
			children = (
				5F91746F4F654991BB200034 /* ImportGamesView.swift */,
				8E24D4596C6970D4E41255C1 /* GameAnalysisView.swift */,
			);
			path = Analysis;
			sourceTree = "<group>";
		};
		212C321B6BFA997C244C4406 /* Lessons */ = {
			isa = PBXGroup;
			children = (
				45D0C8FA2A88EC3BB8B137F7 /* LessonLibraryView.swift */,
				120A7991A12F6C78634F1A29 /* LessonDetailView.swift */,
			);
			path = Lessons;
			sourceTree = "<group>";
		};
		E7517660F4CC97C1329613A2 /* Profile */ = {
			isa = PBXGroup;
			children = (
				08D79B774BF5275DAD780EB9 /* ProfileView.swift */,
				3BEF3F49234D6E024AB4C390 /* AchievementsView.swift */,
			);
			path = Profile;
			sourceTree = "<group>";
		};
		73DA933AC0B9799DE29FB4A6 /* Settings */ = {
			isa = PBXGroup;
			children = (
				66FC1475E44B8CD0A8093222 /* SettingsView.swift */,
			);
			path = Settings;
			sourceTree = "<group>";
		};
		9C035E7454E6255EF4EA445C /* Services */ = {
			isa = PBXGroup;
			children = (
				D41043741DB003D36751F9C9 /* ChessEngineService.swift */,
				23A67C5269B8413D99AC63E0 /* ExternalPlatformService.swift */,
				A1B2C3D4E5F60001AAAA1005 /* ChessClockService.swift */,
				A1B2C3D4E5F60001AAAA1003 /* DailyPuzzleService.swift */,
				A1B2C3D4E5F60001AAAA1002 /* SoundService.swift */,
				A1B2C3D4E5F60001AAAA1001 /* HapticService.swift */,
				98EBD619A99A0601962A14BE /* AICoachService.swift */,
				BD54EA245A235788335C38CA /* AudioCoachService.swift */,
				EDC734906830EC07A669C490 /* AdaptiveDifficultyService.swift */,
				963C5179889116BD67E9842B /* PersistenceService.swift */,
				BD452A37794BBC7BBA0982BD /* TreeOfThoughtEngine.swift */,
				900482E25CE3EE42E6619F67 /* PersonalPuzzleService.swift */,
				D3DE6F4FF379936A2B451AFA /* GameSyncService.swift */,
				1C3ED55F1FA2416193434596 /* StockfishCloudService.swift */,
			);
			path = Services;
			sourceTree = "<group>";
		};
		E3E71D44D595CBE2C92C5B2E /* Extensions */ = {
			isa = PBXGroup;
			children = (
				FD218140921B4F954A5AEFF5 /* Color+Extensions.swift */,
				2C71217A53E3EAE13573AE00 /* View+Extensions.swift */,
			);
			path = Extensions;
			sourceTree = "<group>";
		};
		AE59D88C5460D2413CB142C1 /* Resources */ = {
			isa = PBXGroup;
			children = (
				5E4978EFF3D1173E79C6DB22 /* Info.plist */,
				39DF35C5B235782381DC07AE /* Assets.xcassets */,
			);
			path = Resources;
			sourceTree = "<group>";
		};
		BB100009CC100009DD100009 /* Chess4UUITests */ = {
			isa = PBXGroup;
			children = (
				BB100002CC100002DD100002 /* Chess4UUITests.swift */,
				BB100003CC100003DD100003 /* SnapshotHelper.swift */,
			);
			path = Chess4UUITests;
			sourceTree = "<group>";
		};
/* End PBXGroup section */

/* Begin PBXNativeTarget section */
		WD100014AA100014BB100014 /* Chess4UWidget */ = {
			isa = PBXNativeTarget;
			buildConfigurationList = WD100015AA100015BB100015 /* Build configuration list for PBXNativeTarget "Chess4UWidget" */;
			buildPhases = (
				WD100010AA100010BB100010 /* Sources */,
				WD100011AA100011BB100011 /* Frameworks */,
				WD100012AA100012BB100012 /* Resources */,
			);
			buildRules = (
			);
			dependencies = (
			);
			name = Chess4UWidget;
			productName = Chess4UWidget;
			productReference = WD100003AA100003BB100003 /* Chess4UWidget.appex */;
			productType = "com.apple.product-type.app-extension";
		};

		42AEFBAE01D2DFD981F7DA7D /* Chess4U */ = {
			isa = PBXNativeTarget;
			buildConfigurationList = AFD04581184175117C78D9AC /* Build configuration list for PBXNativeTarget "Chess4U" */;
			buildPhases = (
				7B1AB24959979FF757979CE2 /* Sources */,
				6DB04654966809A36F783873 /* Frameworks */,
				BC01316BBCA63BD9F9542A7E /* Resources */,
				WD100013AA100013BB100013 /* Embed Foundation Extensions */,
			);
			buildRules = (
			);
			dependencies = (
			);
			name = Chess4U;
			productName = Chess4U;
			productReference = 625ACE7FA04888266A8808AD /* Chess4U.app */;
			productType = "com.apple.product-type.application";
		};
		AA000001BB000001CC000001 /* Chess4UTests */ = {
			isa = PBXNativeTarget;
			buildConfigurationList = AA000008BB000008CC000008 /* Build configuration list for PBXNativeTarget "Chess4UTests" */;
			buildPhases = (
				AA000002BB000002CC000002 /* Sources */,
				AA000003BB000003CC000003 /* Frameworks */,
			);
			buildRules = (
			);
			dependencies = (
				AA000007BB000007CC000007 /* PBXTargetDependency */,
			);
			name = Chess4UTests;
			productName = Chess4UTests;
			productReference = AA000004BB000004CC000004 /* Chess4UTests.xctest */;
			productType = "com.apple.product-type.bundle.unit-test";
		};
		BB100010CC100010DD100010 /* Chess4UUITests */ = {
			isa = PBXNativeTarget;
			buildConfigurationList = BB100015CC100015DD100015 /* Build configuration list for PBXNativeTarget "Chess4UUITests" */;
			buildPhases = (
				BB100007CC100007DD100007 /* Sources */,
				BB100008CC100008DD100008 /* Frameworks */,
			);
			buildRules = (
			);
			dependencies = (
				BB100012CC100012DD100012 /* PBXTargetDependency */,
			);
			name = Chess4UUITests;
			productName = Chess4UUITests;
			productReference = BB100001CC100001DD100001 /* Chess4UUITests.xctest */;
			productType = "com.apple.product-type.bundle.ui-testing";
		};
/* End PBXNativeTarget section */

/* Begin PBXProject section */
		46F86FAA6BBF9AC94A7E4595 /* Project object */ = {
			isa = PBXProject;
			attributes = {
				BuildIndependentTargetsInParallel = 1;
				LastSwiftUpdateCheck = 1500;
				LastUpgradeCheck = 1500;
				TargetAttributes = {
					42AEFBAE01D2DFD981F7DA7D = {
						CreatedOnToolsVersion = 15.0;
					};
					AA000001BB000001CC000001 = {
						CreatedOnToolsVersion = 15.0;
						TestTargetID = 42AEFBAE01D2DFD981F7DA7D;
					};
					BB100010CC100010DD100010 = {
						CreatedOnToolsVersion = 15.0;
						TestTargetID = 42AEFBAE01D2DFD981F7DA7D;
					};
					WD100014AA100014BB100014 = {
						CreatedOnToolsVersion = 15.0;
					};
				};
			};
			buildConfigurationList = 022E0F2E8ECAC35F5510DD6F /* Build configuration list for PBXProject "Chess4U" */;
			compatibilityVersion = "Xcode 14.0";
			developmentRegion = en;
			hasScannedForEncodings = 0;
			knownRegions = (
				en,
				Base,
			);
			mainGroup = 71D2E56247FE75C3DCE9B609;
			productRefGroup = 10DF28A84E55A2F741349FDF /* Products */;
			projectDirPath = "";
			projectRoot = "";
			targets = (
				42AEFBAE01D2DFD981F7DA7D /* Chess4U */,
				AA000001BB000001CC000001 /* Chess4UTests */,
				BB100010CC100010DD100010 /* Chess4UUITests */,
				WD100014AA100014BB100014 /* Chess4UWidget */,
			);
		};
/* End PBXProject section */

/* Begin PBXCopyFilesBuildPhase section */
		WD100013AA100013BB100013 /* Embed Foundation Extensions */ = {
			isa = PBXCopyFilesBuildPhase;
			buildActionMask = 2147483647;
			dstPath = "";
			dstSubfolderSpec = 13;
			files = (
				WD100008AA100008BB100008 /* Chess4UWidget.appex in Embed Foundation Extensions */,
			);
			name = "Embed Foundation Extensions";
			runOnlyForDeploymentPostprocessing = 0;
		};
/* End PBXCopyFilesBuildPhase section */

/* Begin PBXResourcesBuildPhase section */
		WD100012AA100012BB100012 /* Resources */ = {
			isa = PBXResourcesBuildPhase;
			buildActionMask = 2147483647;
			files = (
			);
			runOnlyForDeploymentPostprocessing = 0;
		};

		BC01316BBCA63BD9F9542A7E /* Resources */ = {
			isa = PBXResourcesBuildPhase;
			buildActionMask = 2147483647;
			files = (
				D2D8D95CA703EDF7210D0048 /* Assets.xcassets in Resources */,
			);
			runOnlyForDeploymentPostprocessing = 0;
		};
/* End PBXResourcesBuildPhase section */

/* Begin PBXSourcesBuildPhase section */
		WD100010AA100010BB100010 /* Sources */ = {
			isa = PBXSourcesBuildPhase;
			buildActionMask = 2147483647;
			files = (
				WD100005AA100005BB100005 /* Chess4UWidget.swift in Sources */,
			);
			runOnlyForDeploymentPostprocessing = 0;
		};

		7B1AB24959979FF757979CE2 /* Sources */ = {
			isa = PBXSourcesBuildPhase;
			buildActionMask = 2147483647;
			files = (
				17C6CD67D51D2BD3BD4DD4E9 /* Chess4UApp.swift in Sources */,
				D78D4EA819E3D6131E92B522 /* AppState.swift in Sources */,
				D2B2789752FB27F61498AE24 /* PlayerProfile.swift in Sources */,
				02D98E0CB861697CF9C1855E /* ChessPiece.swift in Sources */,
				F56A08A7367FFEF306F4721A /* ChessMove.swift in Sources */,
				F94CE46D836708C01D0EC0B8 /* ChessBoard.swift in Sources */,
				060C1D489FC3C90D6152149E /* ChessGame.swift in Sources */,
				5D441539BE80BE6DFCB87228 /* TrainingSession.swift in Sources */,
				06988D1D7BE5E04CCA4606A4 /* ChessPuzzle.swift in Sources */,
				B2D41A6B9CBF17C1FEEAD6F3 /* Opening.swift in Sources */,
				4708E93882CFC0CA5229D421 /* Achievement.swift in Sources */,
				64DD7AD0903C55C3464A23BC /* ChessBoardViewModel.swift in Sources */,
				2FF4BF62A6A5DF77978E6197 /* TrainingViewModel.swift in Sources */,
				4695DBF11D3DC0A0FE1DE66A /* DashboardViewModel.swift in Sources */,
				A3A861C8D84DF81C196089DD /* GameAnalysisViewModel.swift in Sources */,
				BF4F93DE09253E18B8AF6143 /* MainTabView.swift in Sources */,
				7AE902B3D95518F37DDFD9A7 /* OnboardingView.swift in Sources */,
				77583D49194F72B37C1381BE /* PlayerAssessmentView.swift in Sources */,
				CA8F4365A60097501F31BB61 /* ConnectPlatformView.swift in Sources */,
				ACD0765BF25228DCAC80C746 /* DashboardView.swift in Sources */,
				208BC0A773B66F602C716655 /* SkillRadarView.swift in Sources */,
				AC9150431EFCCCED9CACB5A7 /* WeeklyPlanView.swift in Sources */,
				A34EEC0E3CF933A0029A66AD /* ChessBoardView.swift in Sources */,
				D982F4BF987D9F99EA1DDAAD /* TrainingHubView.swift in Sources */,
				D260BAFAA0B21512D5C22EC8 /* TrainingSessionView.swift in Sources */,
				D2B4788797A28D38F4D54228 /* VariationPracticeView.swift in Sources */,
				3F25183449D52EDDA1942746 /* FreePlayView.swift in Sources */,
				1F992EA2936B3D350F541E16 /* OpeningTrainingView.swift in Sources */,
				A1B2C3D4E5F60718293A4B5C /* EndgameTrainingView.swift in Sources */,
				CE2FF2728FBA54D9B5AEF251 /* GameAnalysisView.swift in Sources */,
				E563C62C5CC685AC0E44E1A0 /* LessonLibraryView.swift in Sources */,
				3532CF6BF9F06E2CE022FBCC /* LessonDetailView.swift in Sources */,
				690E31D144B341F864AA2148 /* ProfileView.swift in Sources */,
				054F7DA6A2493B8B155C8C95 /* AchievementsView.swift in Sources */,
				2AF4C1199109185F6D471547 /* SettingsView.swift in Sources */,
				4AEBC3F22E71F56EDDEEE9CB /* ChessEngineService.swift in Sources */,
				DD8690D2D36E40E7A963FAF9 /* ExternalPlatformService.swift in Sources */,
				9E48D5F1EB968F6352767000 /* PersonalPuzzleService.swift in Sources */,
				26C1DC1A0C3DCF88A2A05694 /* GameSyncService.swift in Sources */,
				3DF97FD4DDAC4DEEAB795FF9 /* StockfishCloudService.swift in Sources */,
				3D387B8B2A5ADC01A72167F9 /* MyPuzzlesView.swift in Sources */,
				A1B2C3D4E5F60001BBBB1005 /* ChessClockService.swift in Sources */,
				A1B2C3D4E5F60001BBBB1003 /* DailyPuzzleService.swift in Sources */,
				A1B2C3D4E5F60001BBBB1002 /* SoundService.swift in Sources */,
				A1B2C3D4E5F60001BBBB1001 /* HapticService.swift in Sources */,
				55ED4B38652B4789919B43C1 /* ImportGamesView.swift in Sources */,
				A1B2C3D4E5F60001BBBB1004 /* DailyPuzzleView.swift in Sources */,
				3ABC3DDEDF51B33892EF57E7 /* AICoachService.swift in Sources */,
				51540DC5DAAB007271584037 /* AudioCoachService.swift in Sources */,
				43B13FD416BFDB7E4AC20C95 /* AdaptiveDifficultyService.swift in Sources */,
				8433DE1E388842246734F370 /* PersistenceService.swift in Sources */,
				FE5E07BFDD606EB123401040 /* TreeOfThoughtEngine.swift in Sources */,
				DE895BCD753C78331CDBA655 /* Color+Extensions.swift in Sources */,
				D11147C60300BB03D1216AA4 /* View+Extensions.swift in Sources */,
			);
			runOnlyForDeploymentPostprocessing = 0;
		};
		AA000002BB000002CC000002 /* Sources */ = {
			isa = PBXSourcesBuildPhase;
			buildActionMask = 2147483647;
			files = (
				AA000022BB000022CC000022 /* ChessBoardTests.swift in Sources */,
				AA000024BB000024CC000024 /* ChessEngineTests.swift in Sources */,
				AA000026BB000026CC000026 /* ChessPuzzleTests.swift in Sources */,
				AA000028BB000028CC000028 /* PlayerBandTests.swift in Sources */,
				AA000030BB000030CC000030 /* SquareTests.swift in Sources */,
			);
			runOnlyForDeploymentPostprocessing = 0;
		};
		BB100007CC100007DD100007 /* Sources */ = {
			isa = PBXSourcesBuildPhase;
			buildActionMask = 2147483647;
			files = (
				BB100005CC100005DD100005 /* Chess4UUITests.swift in Sources */,
				BB100006CC100006DD100006 /* SnapshotHelper.swift in Sources */,
			);
			runOnlyForDeploymentPostprocessing = 0;
		};
/* End PBXSourcesBuildPhase section */

/* Begin PBXTargetDependency section */
		AA000007BB000007CC000007 /* PBXTargetDependency */ = {
			isa = PBXTargetDependency;
			target = 42AEFBAE01D2DFD981F7DA7D /* Chess4U */;
			targetProxy = AA000006BB000006CC000006 /* PBXContainerItemProxy */;
		};
		BB100012CC100012DD100012 /* PBXTargetDependency */ = {
			isa = PBXTargetDependency;
			target = 42AEFBAE01D2DFD981F7DA7D /* Chess4U */;
			targetProxy = BB100011CC100011DD100011 /* PBXContainerItemProxy */;
		};
/* End PBXTargetDependency section */

/* Begin XCBuildConfiguration section */
		WD100016AA100016BB100016 /* Debug */ = {
			isa = XCBuildConfiguration;
			buildSettings = {
				CODE_SIGN_STYLE = Automatic;
				CURRENT_PROJECT_VERSION = 1;
				GENERATE_INFOPLIST_FILE = NO;
				INFOPLIST_FILE = Chess4UWidget/Info.plist;
				IPHONEOS_DEPLOYMENT_TARGET = 16.0;
				LD_RUNPATH_SEARCH_PATHS = (
					"$(inherited)",
					"@executable_path/Frameworks",
					"@executable_path/../../Frameworks",
				);
				MARKETING_VERSION = 1.0;
				PRODUCT_BUNDLE_IDENTIFIER = "com.chess4u.Chess4U.Widget";
				PRODUCT_NAME = "$(TARGET_NAME)";
				SKIP_INSTALL = YES;
				SUPPORTED_PLATFORMS = "iphoneos iphonesimulator";
				SUPPORTS_MACCATALYST = NO;
				SWIFT_VERSION = 5.9;
				TARGETED_DEVICE_FAMILY = "1,2";
			};
			name = Debug;
		};
		WD100017AA100017BB100017 /* Release */ = {
			isa = XCBuildConfiguration;
			buildSettings = {
				CODE_SIGN_STYLE = Automatic;
				CURRENT_PROJECT_VERSION = 1;
				GENERATE_INFOPLIST_FILE = NO;
				INFOPLIST_FILE = Chess4UWidget/Info.plist;
				IPHONEOS_DEPLOYMENT_TARGET = 16.0;
				LD_RUNPATH_SEARCH_PATHS = (
					"$(inherited)",
					"@executable_path/Frameworks",
					"@executable_path/../../Frameworks",
				);
				MARKETING_VERSION = 1.0;
				PRODUCT_BUNDLE_IDENTIFIER = "com.chess4u.Chess4U.Widget";
				PRODUCT_NAME = "$(TARGET_NAME)";
				SKIP_INSTALL = YES;
				SUPPORTED_PLATFORMS = "iphoneos iphonesimulator";
				SUPPORTS_MACCATALYST = NO;
				SWIFT_VERSION = 5.9;
				TARGETED_DEVICE_FAMILY = "1,2";
			};
			name = Release;
		};

		A3FA7BC046E62B1245F73497 /* Debug */ = {
			isa = XCBuildConfiguration;
			buildSettings = {
				ALWAYS_SEARCH_USER_PATHS = NO;
				ASSETCATALOG_COMPILER_GENERATE_SWIFT_ASSET_SYMBOL_EXTENSIONS = YES;
				CLANG_ANALYZER_NONNULL = YES;
				CLANG_ANALYZER_NUMBER_OBJECT_CONVERSION = YES_AGGRESSIVE;
				CLANG_CXX_LANGUAGE_STANDARD = "gnu++20";
				CLANG_ENABLE_MODULES = YES;
				CLANG_ENABLE_OBJC_ARC = YES;
				CLANG_ENABLE_OBJC_WEAK = YES;
				CLANG_WARN_BLOCK_CAPTURE_AUTORELEASING = YES;
				CLANG_WARN_BOOL_CONVERSION = YES;
				CLANG_WARN_COMMA = YES;
				CLANG_WARN_CONSTANT_CONVERSION = YES;
				CLANG_WARN_DEPRECATED_OBJC_IMPLEMENTATIONS = YES;
				CLANG_WARN_DIRECT_OBJC_ISA_USAGE = YES_ERROR;
				CLANG_WARN_DOCUMENTATION_COMMENTS = YES;
				CLANG_WARN_EMPTY_BODY = YES;
				CLANG_WARN_ENUM_CONVERSION = YES;
				CLANG_WARN_INFINITE_RECURSION = YES;
				CLANG_WARN_INT_CONVERSION = YES;
				CLANG_WARN_NON_LITERAL_NULL_CONVERSION = YES;
				CLANG_WARN_OBJC_IMPLICIT_RETAIN_SELF = YES;
				CLANG_WARN_OBJC_LITERAL_CONVERSION = YES;
				CLANG_WARN_OBJC_ROOT_CLASS = YES_ERROR;
				CLANG_WARN_QUOTED_INCLUDE_IN_FRAMEWORK_HEADER = YES;
				CLANG_WARN_RANGE_LOOP_ANALYSIS = YES;
				CLANG_WARN_STRICT_PROTOTYPES = YES;
				CLANG_WARN_SUSPICIOUS_MOVE = YES;
				CLANG_WARN_UNGUARDED_AVAILABILITY = YES_AGGRESSIVE;
				CLANG_WARN_UNREACHABLE_CODE = YES;
				CLANG_WARN__DUPLICATE_METHOD_MATCH = YES;
				COPY_PHASE_STRIP = NO;
				DEBUG_INFORMATION_FORMAT = dwarf;
				ENABLE_STRICT_OBJC_MSGSEND = YES;
				ENABLE_TESTABILITY = YES;
				ENABLE_USER_SCRIPT_SANDBOXING = YES;
				GCC_C_LANGUAGE_STANDARD = gnu17;
				GCC_DYNAMIC_NO_PIC = NO;
				GCC_NO_COMMON_BLOCKS = YES;
				GCC_OPTIMIZATION_LEVEL = 0;
				GCC_PREPROCESSOR_DEFINITIONS = (
					"DEBUG=1",
					"$(inherited)",
				);
				GCC_WARN_64_TO_32_BIT_CONVERSION = YES;
				GCC_WARN_ABOUT_RETURN_TYPE = YES_ERROR;
				GCC_WARN_UNDECLARED_SELECTOR = YES;
				GCC_WARN_UNINITIALIZED_AUTOS = YES_AGGRESSIVE;
				GCC_WARN_UNUSED_FUNCTION = YES;
				GCC_WARN_UNUSED_VARIABLE = YES;
				IPHONEOS_DEPLOYMENT_TARGET = 16.0;
				MTL_ENABLE_DEBUG_INFO = INCLUDE_SOURCE;
				MTL_FAST_MATH = YES;
				ONLY_ACTIVE_ARCH = YES;
				SDKROOT = iphoneos;
				SWIFT_ACTIVE_COMPILATION_CONDITIONS = DEBUG;
				SWIFT_OPTIMIZATION_LEVEL = "-Onone";
				SWIFT_VERSION = 5.9;
			};
			name = Debug;
		};
		E635DC0A16885DF2F7BE774B /* Release */ = {
			isa = XCBuildConfiguration;
			buildSettings = {
				ALWAYS_SEARCH_USER_PATHS = NO;
				ASSETCATALOG_COMPILER_GENERATE_SWIFT_ASSET_SYMBOL_EXTENSIONS = YES;
				CLANG_ANALYZER_NONNULL = YES;
				CLANG_ANALYZER_NUMBER_OBJECT_CONVERSION = YES_AGGRESSIVE;
				CLANG_CXX_LANGUAGE_STANDARD = "gnu++20";
				CLANG_ENABLE_MODULES = YES;
				CLANG_ENABLE_OBJC_ARC = YES;
				CLANG_ENABLE_OBJC_WEAK = YES;
				CLANG_WARN_BLOCK_CAPTURE_AUTORELEASING = YES;
				CLANG_WARN_BOOL_CONVERSION = YES;
				CLANG_WARN_COMMA = YES;
				CLANG_WARN_CONSTANT_CONVERSION = YES;
				CLANG_WARN_DEPRECATED_OBJC_IMPLEMENTATIONS = YES;
				CLANG_WARN_DIRECT_OBJC_ISA_USAGE = YES_ERROR;
				CLANG_WARN_DOCUMENTATION_COMMENTS = YES;
				CLANG_WARN_EMPTY_BODY = YES;
				CLANG_WARN_ENUM_CONVERSION = YES;
				CLANG_WARN_INFINITE_RECURSION = YES;
				CLANG_WARN_INT_CONVERSION = YES;
				CLANG_WARN_NON_LITERAL_NULL_CONVERSION = YES;
				CLANG_WARN_OBJC_IMPLICIT_RETAIN_SELF = YES;
				CLANG_WARN_OBJC_LITERAL_CONVERSION = YES;
				CLANG_WARN_OBJC_ROOT_CLASS = YES_ERROR;
				CLANG_WARN_QUOTED_INCLUDE_IN_FRAMEWORK_HEADER = YES;
				CLANG_WARN_RANGE_LOOP_ANALYSIS = YES;
				CLANG_WARN_STRICT_PROTOTYPES = YES;
				CLANG_WARN_SUSPICIOUS_MOVE = YES;
				CLANG_WARN_UNGUARDED_AVAILABILITY = YES_AGGRESSIVE;
				CLANG_WARN_UNREACHABLE_CODE = YES;
				CLANG_WARN__DUPLICATE_METHOD_MATCH = YES;
				COPY_PHASE_STRIP = NO;
				DEBUG_INFORMATION_FORMAT = "dwarf-with-dsym";
				ENABLE_NS_ASSERTIONS = NO;
				ENABLE_STRICT_OBJC_MSGSEND = YES;
				ENABLE_USER_SCRIPT_SANDBOXING = YES;
				GCC_C_LANGUAGE_STANDARD = gnu17;
				GCC_NO_COMMON_BLOCKS = YES;
				GCC_WARN_64_TO_32_BIT_CONVERSION = YES;
				GCC_WARN_ABOUT_RETURN_TYPE = YES_ERROR;
				GCC_WARN_UNDECLARED_SELECTOR = YES;
				GCC_WARN_UNINITIALIZED_AUTOS = YES_AGGRESSIVE;
				GCC_WARN_UNUSED_FUNCTION = YES;
				GCC_WARN_UNUSED_VARIABLE = YES;
				IPHONEOS_DEPLOYMENT_TARGET = 16.0;
				MTL_FAST_MATH = YES;
				SDKROOT = iphoneos;
				SWIFT_COMPILATION_MODE = wholemodule;
				SWIFT_OPTIMIZATION_LEVEL = "-O";
				SWIFT_VERSION = 5.9;
				VALIDATE_PRODUCT = YES;
			};
			name = Release;
		};
		EA519AEBFC56C3FABDB22367 /* Debug */ = {
			isa = XCBuildConfiguration;
			buildSettings = {
				ASSETCATALOG_COMPILER_APPICON_NAME = AppIcon;
				ASSETCATALOG_COMPILER_GLOBAL_ACCENT_COLOR_NAME = AccentColor;
				CODE_SIGN_STYLE = Automatic;
				CURRENT_PROJECT_VERSION = 1;
				DEVELOPMENT_ASSET_PATHS = "";
				ENABLE_PREVIEWS = YES;
				GENERATE_INFOPLIST_FILE = NO;
				INFOPLIST_FILE = "Chess4U/Resources/Info.plist";
				IPHONEOS_DEPLOYMENT_TARGET = 16.0;
				LD_RUNPATH_SEARCH_PATHS = (
					"$(inherited)",
					"@executable_path/Frameworks",
				);
				MARKETING_VERSION = 1.0;
				PRODUCT_BUNDLE_IDENTIFIER = "com.chess4u.Chess4U";
				PRODUCT_NAME = "$(TARGET_NAME)";
				SUPPORTED_PLATFORMS = "iphoneos iphonesimulator";
				SUPPORTS_MACCATALYST = NO;
				SWIFT_EMIT_LOC_STRINGS = YES;
				SWIFT_VERSION = 5.9;
				TARGETED_DEVICE_FAMILY = "1,2";
				INFOPLIST_KEY_UIApplicationSceneManifest_Generation = YES;
				INFOPLIST_KEY_UIApplicationSupportsIndirectInputEvents = YES;
				INFOPLIST_KEY_UILaunchScreen_Generation = YES;
				INFOPLIST_KEY_UISupportedInterfaceOrientations_iPad = "UIInterfaceOrientationPortrait UIInterfaceOrientationPortraitUpsideDown UIInterfaceOrientationLandscapeLeft UIInterfaceOrientationLandscapeRight";
				INFOPLIST_KEY_UISupportedInterfaceOrientations_iPhone = "UIInterfaceOrientationPortrait UIInterfaceOrientationLandscapeLeft UIInterfaceOrientationLandscapeRight";
			};
			name = Debug;
		};
		80BB3E01927863D718CAEC94 /* Release */ = {
			isa = XCBuildConfiguration;
			buildSettings = {
				ASSETCATALOG_COMPILER_APPICON_NAME = AppIcon;
				ASSETCATALOG_COMPILER_GLOBAL_ACCENT_COLOR_NAME = AccentColor;
				CODE_SIGN_STYLE = Automatic;
				CURRENT_PROJECT_VERSION = 1;
				DEVELOPMENT_ASSET_PATHS = "";
				ENABLE_PREVIEWS = YES;
				GENERATE_INFOPLIST_FILE = NO;
				INFOPLIST_FILE = "Chess4U/Resources/Info.plist";
				IPHONEOS_DEPLOYMENT_TARGET = 16.0;
				LD_RUNPATH_SEARCH_PATHS = (
					"$(inherited)",
					"@executable_path/Frameworks",
				);
				MARKETING_VERSION = 1.0;
				PRODUCT_BUNDLE_IDENTIFIER = "com.chess4u.Chess4U";
				PRODUCT_NAME = "$(TARGET_NAME)";
				SUPPORTED_PLATFORMS = "iphoneos iphonesimulator";
				SUPPORTS_MACCATALYST = NO;
				SWIFT_EMIT_LOC_STRINGS = YES;
				SWIFT_VERSION = 5.9;
				TARGETED_DEVICE_FAMILY = "1,2";
				INFOPLIST_KEY_UIApplicationSceneManifest_Generation = YES;
				INFOPLIST_KEY_UIApplicationSupportsIndirectInputEvents = YES;
				INFOPLIST_KEY_UILaunchScreen_Generation = YES;
				INFOPLIST_KEY_UISupportedInterfaceOrientations_iPad = "UIInterfaceOrientationPortrait UIInterfaceOrientationPortraitUpsideDown UIInterfaceOrientationLandscapeLeft UIInterfaceOrientationLandscapeRight";
				INFOPLIST_KEY_UISupportedInterfaceOrientations_iPhone = "UIInterfaceOrientationPortrait UIInterfaceOrientationLandscapeLeft UIInterfaceOrientationLandscapeRight";
			};
			name = Release;
		};
		AA000009BB000009CC000009 /* Debug */ = {
			isa = XCBuildConfiguration;
			buildSettings = {
				BUNDLE_LOADER = "$(TEST_HOST)";
				CODE_SIGN_STYLE = Automatic;
				CURRENT_PROJECT_VERSION = 1;
				GENERATE_INFOPLIST_FILE = YES;
				IPHONEOS_DEPLOYMENT_TARGET = 16.0;
				MARKETING_VERSION = 1.0;
				PRODUCT_BUNDLE_IDENTIFIER = "com.chess4u.Chess4UTests";
				PRODUCT_NAME = "$(TARGET_NAME)";
				SDKROOT = iphoneos;
				SUPPORTED_PLATFORMS = "iphoneos iphonesimulator";
				SWIFT_VERSION = 5.9;
				TARGETED_DEVICE_FAMILY = "1,2";
				TEST_HOST = "$(BUILT_PRODUCTS_DIR)/Chess4U.app/Chess4U";
			};
			name = Debug;
		};
		AA000010BB000010CC000010 /* Release */ = {
			isa = XCBuildConfiguration;
			buildSettings = {
				BUNDLE_LOADER = "$(TEST_HOST)";
				CODE_SIGN_STYLE = Automatic;
				CURRENT_PROJECT_VERSION = 1;
				GENERATE_INFOPLIST_FILE = YES;
				IPHONEOS_DEPLOYMENT_TARGET = 16.0;
				MARKETING_VERSION = 1.0;
				PRODUCT_BUNDLE_IDENTIFIER = "com.chess4u.Chess4UTests";
				PRODUCT_NAME = "$(TARGET_NAME)";
				SDKROOT = iphoneos;
				SUPPORTED_PLATFORMS = "iphoneos iphonesimulator";
				SWIFT_VERSION = 5.9;
				TARGETED_DEVICE_FAMILY = "1,2";
				TEST_HOST = "$(BUILT_PRODUCTS_DIR)/Chess4U.app/Chess4U";
			};
			name = Release;
		};
		BB100013CC100013DD100013 /* Debug */ = {
			isa = XCBuildConfiguration;
			buildSettings = {
				CODE_SIGN_STYLE = Automatic;
				CURRENT_PROJECT_VERSION = 1;
				GENERATE_INFOPLIST_FILE = YES;
				IPHONEOS_DEPLOYMENT_TARGET = 16.0;
				MARKETING_VERSION = 1.0;
				PRODUCT_BUNDLE_IDENTIFIER = "com.chess4u.Chess4UUITests";
				PRODUCT_NAME = "$(TARGET_NAME)";
				SDKROOT = iphoneos;
				SUPPORTED_PLATFORMS = "iphoneos iphonesimulator";
				SWIFT_VERSION = 5.9;
				TARGETED_DEVICE_FAMILY = "1,2";
				TEST_TARGET_NAME = Chess4U;
			};
			name = Debug;
		};
		BB100014CC100014DD100014 /* Release */ = {
			isa = XCBuildConfiguration;
			buildSettings = {
				CODE_SIGN_STYLE = Automatic;
				CURRENT_PROJECT_VERSION = 1;
				GENERATE_INFOPLIST_FILE = YES;
				IPHONEOS_DEPLOYMENT_TARGET = 16.0;
				MARKETING_VERSION = 1.0;
				PRODUCT_BUNDLE_IDENTIFIER = "com.chess4u.Chess4UUITests";
				PRODUCT_NAME = "$(TARGET_NAME)";
				SDKROOT = iphoneos;
				SUPPORTED_PLATFORMS = "iphoneos iphonesimulator";
				SWIFT_VERSION = 5.9;
				TARGETED_DEVICE_FAMILY = "1,2";
				TEST_TARGET_NAME = Chess4U;
			};
			name = Release;
		};
/* End XCBuildConfiguration section */

/* Begin XCConfigurationList section */
		WD100015AA100015BB100015 /* Build configuration list for PBXNativeTarget "Chess4UWidget" */ = {
			isa = XCConfigurationList;
			buildConfigurations = (
				WD100016AA100016BB100016 /* Debug */,
				WD100017AA100017BB100017 /* Release */,
			);
			defaultConfigurationIsVisible = 0;
			defaultConfigurationName = Release;
		};

		022E0F2E8ECAC35F5510DD6F /* Build configuration list for PBXProject "Chess4U" */ = {
			isa = XCConfigurationList;
			buildConfigurations = (
				A3FA7BC046E62B1245F73497 /* Debug */,
				E635DC0A16885DF2F7BE774B /* Release */,
			);
			defaultConfigurationIsVisible = 0;
			defaultConfigurationName = Release;
		};
		AFD04581184175117C78D9AC /* Build configuration list for PBXNativeTarget "Chess4U" */ = {
			isa = XCConfigurationList;
			buildConfigurations = (
				EA519AEBFC56C3FABDB22367 /* Debug */,
				80BB3E01927863D718CAEC94 /* Release */,
			);
			defaultConfigurationIsVisible = 0;
			defaultConfigurationName = Release;
		};
		AA000008BB000008CC000008 /* Build configuration list for PBXNativeTarget "Chess4UTests" */ = {
			isa = XCConfigurationList;
			buildConfigurations = (
				AA000009BB000009CC000009 /* Debug */,
				AA000010BB000010CC000010 /* Release */,
			);
			defaultConfigurationIsVisible = 0;
			defaultConfigurationName = Release;
		};
		BB100015CC100015DD100015 /* Build configuration list for PBXNativeTarget "Chess4UUITests" */ = {
			isa = XCConfigurationList;
			buildConfigurations = (
				BB100013CC100013DD100013 /* Debug */,
				BB100014CC100014DD100014 /* Release */,
			);
			defaultConfigurationIsVisible = 0;
			defaultConfigurationName = Release;
		};
/* End XCConfigurationList section */

	};
	rootObject = 46F86FAA6BBF9AC94A7E4595 /* Project object */;
}
